
Microsoft Visual Studio Solution File, Format Version 12.00
# Visual Studio 15
VisualStudioVersion = 15.0.26124.0
MinimumVisualStudioVersion = 15.0.26124.0
Project("{2150E333-8FDC-42A3-9474-1A3956D46DE8}") = "src", "src", "{2645CF9E-7EE5-49AC-A76C-85D2F5AC20E0}"
EndProject
Project("{FAE04EC0-301F-11D3-BF4B-00C04F79EFBC}") = "trav", "src\trav\trav.csproj", "{7E4BE682-6287-45BB-9C86-3B872E5A108F}"
EndProject
Project("{2150E333-8FDC-42A3-9474-1A3956D46DE8}") = "test", "test", "{EDFB10B9-A4A6-48E6-85EF-6839DFCD639D}"
EndProject
Project("{FAE04EC0-301F-11D3-BF4B-00C04F79EFBC}") = "trav.Tests", "test\trav.Tests\trav.Tests.csproj", "{7C83FDDF-027E-4DFB-8491-6AA204221577}"
EndProject
Global
	GlobalSection(SolutionConfigurationPlatforms) = preSolution
		Debug|Any CPU = Debug|Any CPU
		Debug|x64 = Debug|x64
		Debug|x86 = Debug|x86
		Release|Any CPU = Release|Any CPU
		Release|x64 = Release|x64
		Release|x86 = Release|x86
	EndGlobalSection
	GlobalSection(SolutionProperties) = preSolution
		HideSolutionNode = FALSE
	EndGlobalSection
	GlobalSection(ProjectConfigurationPlatforms) = postSolution
		{7E4BE682-6287-45BB-9C86-3B872E5A108F}.Debug|Any CPU.ActiveCfg = Debug|Any CPU
		{7E4BE682-6287-45BB-9C86-3B872E5A108F}.Debug|Any CPU.Build.0 = Debug|Any CPU
		{7E4BE682-6287-45BB-9C86-3B872E5A108F}.Debug|x64.ActiveCfg = Debug|x64
		{7E4BE682-6287-45BB-9C86-3B872E5A108F}.Debug|x64.Build.0 = Debug|x64
		{7E4BE682-6287-45BB-9C86-3B872E5A108F}.Debug|x86.ActiveCfg = Debug|x86
		{7E4BE682-6287-45BB-9C86-3B872E5A108F}.Debug|x86.Build.0 = Debug|x86
		{7E4BE682-6287-45BB-9C86-3B872E5A108F}.Release|Any CPU.ActiveCfg = Release|Any CPU
		{7E4BE682-6287-45BB-9C86-3B872E5A108F}.Release|Any CPU.Build.0 = Release|Any CPU
		{7E4BE682-6287-45BB-9C86-3B872E5A108F}.Release|x64.ActiveCfg = Release|x64
		{7E4BE682-6287-45BB-9C86-3B872E5A108F}.Release|x64.Build.0 = Release|x64
		{7E4BE682-6287-45BB-9C86-3B872E5A108F}.Release|x86.ActiveCfg = Release|x86
		{7E4BE682-6287-45BB-9C86-3B872E5A108F}.Release|x86.Build.0 = Release|x86
		{7C83FDDF-027E-4DFB-8491-6AA204221577}.Debug|Any CPU.ActiveCfg = Debug|Any CPU
		{7C83FDDF-027E-4DFB-8491-6AA204221577}.Debug|Any CPU.Build.0 = Debug|Any CPU
		{7C83FDDF-027E-4DFB-8491-6AA204221577}.Debug|x64.ActiveCfg = Debug|x64
		{7C83FDDF-027E-4DFB-8491-6AA204221577}.Debug|x64.Build.0 = Debug|x64
		{7C83FDDF-027E-4DFB-8491-6AA204221577}.Debug|x86.ActiveCfg = Debug|x86
		{7C83FDDF-027E-4DFB-8491-6AA204221577}.Debug|x86.Build.0 = Debug|x86
		{7C83FDDF-027E-4DFB-8491-6AA204221577}.Release|Any CPU.ActiveCfg = Release|Any CPU
		{7C83FDDF-027E-4DFB-8491-6AA204221577}.Release|Any CPU.Build.0 = Release|Any CPU
		{7C83FDDF-027E-4DFB-8491-6AA204221577}.Release|x64.ActiveCfg = Release|x64
		{7C83FDDF-027E-4DFB-8491-6AA204221577}.Release|x64.Build.0 = Release|x64
		{7C83FDDF-027E-4DFB-8491-6AA204221577}.Release|x86.ActiveCfg = Release|x86
		{7C83FDDF-027E-4DFB-8491-6AA204221577}.Release|x86.Build.0 = Release|x86
	EndGlobalSection
	GlobalSection(NestedProjects) = preSolution
		{7E4BE682-6287-45BB-9C86-3B872E5A108F} = {2645CF9E-7EE5-49AC-A76C-85D2F5AC20E0}
		{7C83FDDF-027E-4DFB-8491-6AA204221577} = {EDFB10B9-A4A6-48E6-85EF-6839DFCD639D}
	EndGlobalSection
EndGlobal
